// !$*UTF8*$!
{
	archiveVersion = 1;
	classes = {
	};
	objectVersion = 46;
	objects = {

/* Begin PBXBuildFile section */
		4C3C61B11BF10E5700938354 /* OverTheRockTests.swift in Sources */ = {isa = PBXBuildFile; fileRef = 4C3C61B01BF10E5700938354 /* OverTheRockTests.swift */; };
		4C3C61C91BF10E8B00938354 /* AppDelegate.swift in Sources */ = {isa = PBXBuildFile; fileRef = 4C3C61BB1BF10E8B00938354 /* AppDelegate.swift */; };
		4C3C61CA1BF10E8B00938354 /* MainScreenViewController.swift in Sources */ = {isa = PBXBuildFile; fileRef = 4C3C61BC1BF10E8B00938354 /* MainScreenViewController.swift */; };
		4C3C61CB1BF10E8B00938354 /* ViewController.swift in Sources */ = {isa = PBXBuildFile; fileRef = 4C3C61BD1BF10E8B00938354 /* ViewController.swift */; };
		4C3C61CC1BF10E8B00938354 /* GlobalNewsViewController.swift in Sources */ = {isa = PBXBuildFile; fileRef = 4C3C61BE1BF10E8B00938354 /* GlobalNewsViewController.swift */; };
		4C3C61CD1BF10E8B00938354 /* SportsViewController.swift in Sources */ = {isa = PBXBuildFile; fileRef = 4C3C61BF1BF10E8B00938354 /* SportsViewController.swift */; };
		4C3C61CE1BF10E8B00938354 /* DetailViewController.swift in Sources */ = {isa = PBXBuildFile; fileRef = 4C3C61C01BF10E8B00938354 /* DetailViewController.swift */; };
		4C3C61CF1BF10E8B00938354 /* FeedModel.swift in Sources */ = {isa = PBXBuildFile; fileRef = 4C3C61C11BF10E8B00938354 /* FeedModel.swift */; };
		4C3C61D01BF10E8B00938354 /* GlobalNewsFeedModel.swift in Sources */ = {isa = PBXBuildFile; fileRef = 4C3C61C21BF10E8B00938354 /* GlobalNewsFeedModel.swift */; };
		4C3C61D11BF10E8B00938354 /* SportsFeedModel.swift in Sources */ = {isa = PBXBuildFile; fileRef = 4C3C61C31BF10E8B00938354 /* SportsFeedModel.swift */; };
		4C3C61D21BF10E8B00938354 /* FeedHelper.swift in Sources */ = {isa = PBXBuildFile; fileRef = 4C3C61C41BF10E8B00938354 /* FeedHelper.swift */; };
		4C3C61D31BF10E8B00938354 /* Article.swift in Sources */ = {isa = PBXBuildFile; fileRef = 4C3C61C51BF10E8B00938354 /* Article.swift */; };
		4C3C61D41BF10E8B00938354 /* Images.xcassets in Resources */ = {isa = PBXBuildFile; fileRef = 4C3C61C61BF10E8B00938354 /* Images.xcassets */; };
		4C3C61D51BF10E8B00938354 /* Main.storyboard in Resources */ = {isa = PBXBuildFile; fileRef = 4C3C61C71BF10E8B00938354 /* Main.storyboard */; };
		4C3C61D61BF10E8B00938354 /* LaunchScreen.xib in Resources */ = {isa = PBXBuildFile; fileRef = 4C3C61C81BF10E8B00938354 /* LaunchScreen.xib */; };
/* End PBXBuildFile section */

/* Begin PBXContainerItemProxy section */
		4C3C61AB1BF10E5700938354 /* PBXContainerItemProxy */ = {
			isa = PBXContainerItemProxy;
			containerPortal = 4C3C618D1BF10E5700938354 /* Project object */;
			proxyType = 1;
			remoteGlobalIDString = 4C3C61941BF10E5700938354;
			remoteInfo = OverTheRock;
		};
/* End PBXContainerItemProxy section */

/* Begin PBXFileReference section */
		4C3C61951BF10E5700938354 /* OverTheRock.app */ = {isa = PBXFileReference; explicitFileType = wrapper.application; includeInIndex = 0; path = OverTheRock.app; sourceTree = BUILT_PRODUCTS_DIR; };
		4C3C61991BF10E5700938354 /* Info.plist */ = {isa = PBXFileReference; lastKnownFileType = text.plist.xml; path = Info.plist; sourceTree = "<group>"; };
		4C3C61AA1BF10E5700938354 /* OverTheRockTests.xctest */ = {isa = PBXFileReference; explicitFileType = wrapper.cfbundle; includeInIndex = 0; path = OverTheRockTests.xctest; sourceTree = BUILT_PRODUCTS_DIR; };
		4C3C61AF1BF10E5700938354 /* Info.plist */ = {isa = PBXFileReference; lastKnownFileType = text.plist.xml; path = Info.plist; sourceTree = "<group>"; };
		4C3C61B01BF10E5700938354 /* OverTheRockTests.swift */ = {isa = PBXFileReference; lastKnownFileType = sourcecode.swift; path = OverTheRockTests.swift; sourceTree = "<group>"; };
		4C3C61BA1BF10E8A00938354 /* OverTheRock-Bridging-Header.h */ = {isa = PBXFileReference; lastKnownFileType = sourcecode.c.h; path = "OverTheRock-Bridging-Header.h"; sourceTree = "<group>"; };
		4C3C61BB1BF10E8B00938354 /* AppDelegate.swift */ = {isa = PBXFileReference; fileEncoding = 4; lastKnownFileType = sourcecode.swift; path = AppDelegate.swift; sourceTree = "<group>"; };
		4C3C61BC1BF10E8B00938354 /* MainScreenViewController.swift */ = {isa = PBXFileReference; fileEncoding = 4; lastKnownFileType = sourcecode.swift; path = MainScreenViewController.swift; sourceTree = "<group>"; };
		4C3C61BD1BF10E8B00938354 /* ViewController.swift */ = {isa = PBXFileReference; fileEncoding = 4; lastKnownFileType = sourcecode.swift; path = ViewController.swift; sourceTree = "<group>"; };
		4C3C61BE1BF10E8B00938354 /* GlobalNewsViewController.swift */ = {isa = PBXFileReference; fileEncoding = 4; lastKnownFileType = sourcecode.swift; path = GlobalNewsViewController.swift; sourceTree = "<group>"; };
		4C3C61BF1BF10E8B00938354 /* SportsViewController.swift */ = {isa = PBXFileReference; fileEncoding = 4; lastKnownFileType = sourcecode.swift; path = SportsViewController.swift; sourceTree = "<group>"; };
		4C3C61C01BF10E8B00938354 /* DetailViewController.swift */ = {isa = PBXFileReference; fileEncoding = 4; lastKnownFileType = sourcecode.swift; path = DetailViewController.swift; sourceTree = "<group>"; };
		4C3C61C11BF10E8B00938354 /* FeedModel.swift */ = {isa = PBXFileReference; fileEncoding = 4; lastKnownFileType = sourcecode.swift; path = FeedModel.swift; sourceTree = "<group>"; };
		4C3C61C21BF10E8B00938354 /* GlobalNewsFeedModel.swift */ = {isa = PBXFileReference; fileEncoding = 4; lastKnownFileType = sourcecode.swift; path = GlobalNewsFeedModel.swift; sourceTree = "<group>"; };
		4C3C61C31BF10E8B00938354 /* SportsFeedModel.swift */ = {isa = PBXFileReference; fileEncoding = 4; lastKnownFileType = sourcecode.swift; path = SportsFeedModel.swift; sourceTree = "<group>"; };
		4C3C61C41BF10E8B00938354 /* FeedHelper.swift */ = {isa = PBXFileReference; fileEncoding = 4; lastKnownFileType = sourcecode.swift; path = FeedHelper.swift; sourceTree = "<group>"; };
		4C3C61C51BF10E8B00938354 /* Article.swift */ = {isa = PBXFileReference; fileEncoding = 4; lastKnownFileType = sourcecode.swift; path = Article.swift; sourceTree = "<group>"; };
		4C3C61C61BF10E8B00938354 /* Images.xcassets */ = {isa = PBXFileReference; lastKnownFileType = folder.assetcatalog; path = Images.xcassets; sourceTree = "<group>"; };
		4C3C61C71BF10E8B00938354 /* Main.storyboard */ = {isa = PBXFileReference; fileEncoding = 4; lastKnownFileType = file.storyboard; path = Main.storyboard; sourceTree = "<group>"; };
		4C3C61C81BF10E8B00938354 /* LaunchScreen.xib */ = {isa = PBXFileReference; fileEncoding = 4; lastKnownFileType = file.xib; path = LaunchScreen.xib; sourceTree = "<group>"; };
		4C3C61D71BF10E9700938354 /* Stuff-Bridging-Header.h */ = {isa = PBXFileReference; lastKnownFileType = sourcecode.c.h; path = "Stuff-Bridging-Header.h"; sourceTree = "<group>"; };
/* End PBXFileReference section */

/* Begin PBXFrameworksBuildPhase section */
		4C3C61921BF10E5700938354 /* Frameworks */ = {
			isa = PBXFrameworksBuildPhase;
			buildActionMask = 2147483647;
			files = (
			);
			runOnlyForDeploymentPostprocessing = 0;
		};
		4C3C61A71BF10E5700938354 /* Frameworks */ = {
			isa = PBXFrameworksBuildPhase;
			buildActionMask = 2147483647;
			files = (
			);
			runOnlyForDeploymentPostprocessing = 0;
		};
/* End PBXFrameworksBuildPhase section */

/* Begin PBXGroup section */
		4C3C618C1BF10E5700938354 = {
			isa = PBXGroup;
			children = (
				4C3C61971BF10E5700938354 /* OverTheRock */,
				4C3C61AD1BF10E5700938354 /* OverTheRockTests */,
				4C3C61961BF10E5700938354 /* Products */,
			);
			sourceTree = "<group>";
		};
		4C3C61961BF10E5700938354 /* Products */ = {
			isa = PBXGroup;
			children = (
				4C3C61951BF10E5700938354 /* OverTheRock.app */,
				4C3C61AA1BF10E5700938354 /* OverTheRockTests.xctest */,
			);
			name = Products;
			sourceTree = "<group>";
		};
		4C3C61971BF10E5700938354 /* OverTheRock */ = {
			isa = PBXGroup;
			children = (
				4C3C61BB1BF10E8B00938354 /* AppDelegate.swift */,
				4C3C61BC1BF10E8B00938354 /* MainScreenViewController.swift */,
				4C3C61BD1BF10E8B00938354 /* ViewController.swift */,
				4C3C61BE1BF10E8B00938354 /* GlobalNewsViewController.swift */,
				4C3C61BF1BF10E8B00938354 /* SportsViewController.swift */,
				4C3C61C01BF10E8B00938354 /* DetailViewController.swift */,
				4C3C61C11BF10E8B00938354 /* FeedModel.swift */,
				4C3C61C21BF10E8B00938354 /* GlobalNewsFeedModel.swift */,
				4C3C61C31BF10E8B00938354 /* SportsFeedModel.swift */,
				4C3C61C41BF10E8B00938354 /* FeedHelper.swift */,
				4C3C61C51BF10E8B00938354 /* Article.swift */,
				4C3C61C61BF10E8B00938354 /* Images.xcassets */,
				4C3C61C71BF10E8B00938354 /* Main.storyboard */,
				4C3C61C81BF10E8B00938354 /* LaunchScreen.xib */,
				4C3C61981BF10E5700938354 /* Supporting Files */,
				4C3C61BA1BF10E8A00938354 /* OverTheRock-Bridging-Header.h */,
			);
			path = OverTheRock;
			sourceTree = "<group>";
		};
		4C3C61981BF10E5700938354 /* Supporting Files */ = {
			isa = PBXGroup;
			children = (
				4C3C61D71BF10E9700938354 /* Stuff-Bridging-Header.h */,
				4C3C61991BF10E5700938354 /* Info.plist */,
			);
			name = "Supporting Files";
			sourceTree = "<group>";
		};
		4C3C61AD1BF10E5700938354 /* OverTheRockTests */ = {
			isa = PBXGroup;
			children = (
				4C3C61B01BF10E5700938354 /* OverTheRockTests.swift */,
				4C3C61AE1BF10E5700938354 /* Supporting Files */,
			);
			path = OverTheRockTests;
			sourceTree = "<group>";
		};
		4C3C61AE1BF10E5700938354 /* Supporting Files */ = {
			isa = PBXGroup;
			children = (
				4C3C61AF1BF10E5700938354 /* Info.plist */,
			);
			name = "Supporting Files";
			sourceTree = "<group>";
		};
/* End PBXGroup section */

/* Begin PBXNativeTarget section */
		4C3C61941BF10E5700938354 /* OverTheRock */ = {
			isa = PBXNativeTarget;
			buildConfigurationList = 4C3C61B41BF10E5700938354 /* Build configuration list for PBXNativeTarget "OverTheRock" */;
			buildPhases = (
				4C3C61911BF10E5700938354 /* Sources */,
				4C3C61921BF10E5700938354 /* Frameworks */,
				4C3C61931BF10E5700938354 /* Resources */,
			);
			buildRules = (
			);
			dependencies = (
			);
			name = OverTheRock;
			productName = OverTheRock;
			productReference = 4C3C61951BF10E5700938354 /* OverTheRock.app */;
			productType = "com.apple.product-type.application";
		};
		4C3C61A91BF10E5700938354 /* OverTheRockTests */ = {
			isa = PBXNativeTarget;
			buildConfigurationList = 4C3C61B71BF10E5700938354 /* Build configuration list for PBXNativeTarget "OverTheRockTests" */;
			buildPhases = (
				4C3C61A61BF10E5700938354 /* Sources */,
				4C3C61A71BF10E5700938354 /* Frameworks */,
				4C3C61A81BF10E5700938354 /* Resources */,
			);
			buildRules = (
			);
			dependencies = (
				4C3C61AC1BF10E5700938354 /* PBXTargetDependency */,
			);
			name = OverTheRockTests;
			productName = OverTheRockTests;
			productReference = 4C3C61AA1BF10E5700938354 /* OverTheRockTests.xctest */;
			productType = "com.apple.product-type.bundle.unit-test";
		};
/* End PBXNativeTarget section */

/* Begin PBXProject section */
		4C3C618D1BF10E5700938354 /* Project object */ = {
			isa = PBXProject;
			attributes = {
				LastUpgradeCheck = 0640;
				ORGANIZATIONNAME = TadCorp;
				TargetAttributes = {
					4C3C61941BF10E5700938354 = {
						CreatedOnToolsVersion = 6.4;
					};
					4C3C61A91BF10E5700938354 = {
						CreatedOnToolsVersion = 6.4;
						TestTargetID = 4C3C61941BF10E5700938354;
					};
				};
			};
			buildConfigurationList = 4C3C61901BF10E5700938354 /* Build configuration list for PBXProject "OverTheRock" */;
			compatibilityVersion = "Xcode 3.2";
			developmentRegion = English;
			hasScannedForEncodings = 0;
			knownRegions = (
				en,
				Base,
			);
			mainGroup = 4C3C618C1BF10E5700938354;
			productRefGroup = 4C3C61961BF10E5700938354 /* Products */;
			projectDirPath = "";
			projectRoot = "";
			targets = (
				4C3C61941BF10E5700938354 /* OverTheRock */,
				4C3C61A91BF10E5700938354 /* OverTheRockTests */,
			);
		};
/* End PBXProject section */

/* Begin PBXResourcesBuildPhase section */
		4C3C61931BF10E5700938354 /* Resources */ = {
			isa = PBXResourcesBuildPhase;
			buildActionMask = 2147483647;
			files = (
				4C3C61D41BF10E8B00938354 /* Images.xcassets in Resources */,
				4C3C61D61BF10E8B00938354 /* LaunchScreen.xib in Resources */,
				4C3C61D51BF10E8B00938354 /* Main.storyboard in Resources */,
			);
			runOnlyForDeploymentPostprocessing = 0;
		};
		4C3C61A81BF10E5700938354 /* Resources */ = {
			isa = PBXResourcesBuildPhase;
			buildActionMask = 2147483647;
			files = (
			);
			runOnlyForDeploymentPostprocessing = 0;
		};
/* End PBXResourcesBuildPhase section */

/* Begin PBXSourcesBuildPhase section */
		4C3C61911BF10E5700938354 /* Sources */ = {
			isa = PBXSourcesBuildPhase;
			buildActionMask = 2147483647;
			files = (
				4C3C61D31BF10E8B00938354 /* Article.swift in Sources */,
				4C3C61CB1BF10E8B00938354 /* ViewController.swift in Sources */,
				4C3C61C91BF10E8B00938354 /* AppDelegate.swift in Sources */,
				4C3C61CD1BF10E8B00938354 /* SportsViewController.swift in Sources */,
				4C3C61CE1BF10E8B00938354 /* DetailViewController.swift in Sources */,
				4C3C61D11BF10E8B00938354 /* SportsFeedModel.swift in Sources */,
				4C3C61CF1BF10E8B00938354 /* FeedModel.swift in Sources */,
				4C3C61CC1BF10E8B00938354 /* GlobalNewsViewController.swift in Sources */,
				4C3C61D21BF10E8B00938354 /* FeedHelper.swift in Sources */,
				4C3C61CA1BF10E8B00938354 /* MainScreenViewController.swift in Sources */,
				4C3C61D01BF10E8B00938354 /* GlobalNewsFeedModel.swift in Sources */,
			);
			runOnlyForDeploymentPostprocessing = 0;
		};
		4C3C61A61BF10E5700938354 /* Sources */ = {
			isa = PBXSourcesBuildPhase;
			buildActionMask = 2147483647;
			files = (
				4C3C61B11BF10E5700938354 /* OverTheRockTests.swift in Sources */,
			);
			runOnlyForDeploymentPostprocessing = 0;
		};
/* End PBXSourcesBuildPhase section */

/* Begin PBXTargetDependency section */
		4C3C61AC1BF10E5700938354 /* PBXTargetDependency */ = {
			isa = PBXTargetDependency;
			target = 4C3C61941BF10E5700938354 /* OverTheRock */;
			targetProxy = 4C3C61AB1BF10E5700938354 /* PBXContainerItemProxy */;
		};
/* End PBXTargetDependency section */

/* Begin XCBuildConfiguration section */
		4C3C61B21BF10E5700938354 /* Debug */ = {
			isa = XCBuildConfiguration;
			buildSettings = {
				ALWAYS_SEARCH_USER_PATHS = NO;
				CLANG_CXX_LANGUAGE_STANDARD = "gnu++0x";
				CLANG_CXX_LIBRARY = "libc++";
				CLANG_ENABLE_MODULES = YES;
				CLANG_ENABLE_OBJC_ARC = YES;
				CLANG_WARN_BOOL_CONVERSION = YES;
				CLANG_WARN_CONSTANT_CONVERSION = YES;
				CLANG_WARN_DIRECT_OBJC_ISA_USAGE = YES_ERROR;
				CLANG_WARN_EMPTY_BODY = YES;
				CLANG_WARN_ENUM_CONVERSION = YES;
				CLANG_WARN_INT_CONVERSION = YES;
				CLANG_WARN_OBJC_ROOT_CLASS = YES_ERROR;
				CLANG_WARN_UNREACHABLE_CODE = YES;
				CLANG_WARN__DUPLICATE_METHOD_MATCH = YES;
				"CODE_SIGN_IDENTITY[sdk=iphoneos*]" = "iPhone Developer";
				COPY_PHASE_STRIP = NO;
				DEBUG_INFORMATION_FORMAT = "dwarf-with-dsym";
				ENABLE_STRICT_OBJC_MSGSEND = YES;
				GCC_C_LANGUAGE_STANDARD = gnu99;
				GCC_DYNAMIC_NO_PIC = NO;
				GCC_NO_COMMON_BLOCKS = YES;
				GCC_OPTIMIZATION_LEVEL = 0;
				GCC_PREPROCESSOR_DEFINITIONS = (
					"DEBUG=1",
					"$(inherited)",
				);
				GCC_SYMBOLS_PRIVATE_EXTERN = NO;
				GCC_WARN_64_TO_32_BIT_CONVERSION = YES;
				GCC_WARN_ABOUT_RETURN_TYPE = YES_ERROR;
				GCC_WARN_UNDECLARED_SELECTOR = YES;
				GCC_WARN_UNINITIALIZED_AUTOS = YES_AGGRESSIVE;
				GCC_WARN_UNUSED_FUNCTION = YES;
				GCC_WARN_UNUSED_VARIABLE = YES;
				IPHONEOS_DEPLOYMENT_TARGET = 8.4;
				MTL_ENABLE_DEBUG_INFO = YES;
				ONLY_ACTIVE_ARCH = YES;
				SDKROOT = iphoneos;
				SWIFT_OPTIMIZATION_LEVEL = "-Onone";
			};
			name = Debug;
		};
		4C3C61B31BF10E5700938354 /* Release */ = {
			isa = XCBuildConfiguration;
			buildSettings = {
				ALWAYS_SEARCH_USER_PATHS = NO;
				CLANG_CXX_LANGUAGE_STANDARD = "gnu++0x";
				CLANG_CXX_LIBRARY = "libc++";
				CLANG_ENABLE_MODULES = YES;
				CLANG_ENABLE_OBJC_ARC = YES;
				CLANG_WARN_BOOL_CONVERSION = YES;
				CLANG_WARN_CONSTANT_CONVERSION = YES;
				CLANG_WARN_DIRECT_OBJC_ISA_USAGE = YES_ERROR;
				CLANG_WARN_EMPTY_BODY = YES;
				CLANG_WARN_ENUM_CONVERSION = YES;
				CLANG_WARN_INT_CONVERSION = YES;
				CLANG_WARN_OBJC_ROOT_CLASS = YES_ERROR;
				CLANG_WARN_UNREACHABLE_CODE = YES;
				CLANG_WARN__DUPLICATE_METHOD_MATCH = YES;
				"CODE_SIGN_IDENTITY[sdk=iphoneos*]" = "iPhone Developer";
				COPY_PHASE_STRIP = NO;
				DEBUG_INFORMATION_FORMAT = "dwarf-with-dsym";
				ENABLE_NS_ASSERTIONS = NO;
				ENABLE_STRICT_OBJC_MSGSEND = YES;
				GCC_C_LANGUAGE_STANDARD = gnu99;
				GCC_NO_COMMON_BLOCKS = YES;
				GCC_WARN_64_TO_32_BIT_CONVERSION = YES;
				GCC_WARN_ABOUT_RETURN_TYPE = YES_ERROR;
				GCC_WARN_UNDECLARED_SELECTOR = YES;
				GCC_WARN_UNINITIALIZED_AUTOS = YES_AGGRESSIVE;
				GCC_WARN_UNUSED_FUNCTION = YES;
				GCC_WARN_UNUSED_VARIABLE = YES;
				IPHONEOS_DEPLOYMENT_TARGET = 8.4;
				MTL_ENABLE_DEBUG_INFO = NO;
				SDKROOT = iphoneos;
				VALIDATE_PRODUCT = YES;
			};
			name = Release;
		};
		4C3C61B51BF10E5700938354 /* Debug */ = {
			isa = XCBuildConfiguration;
			buildSettings = {
				ASSETCATALOG_COMPILER_APPICON_NAME = AppIcon;
				CLANG_ENABLE_MODULES = YES;
				INFOPLIST_FILE = OverTheRock/Info.plist;
				LD_RUNPATH_SEARCH_PATHS = "$(inherited) @executable_path/Frameworks";
				PRODUCT_NAME = "$(TARGET_NAME)";
				SWIFT_OBJC_BRIDGING_HEADER = "OverTheRock/OverTheRock-Bridging-Header.h";
				SWIFT_OPTIMIZATION_LEVEL = "-Onone";
			};
			name = Debug;
		};
		4C3C61B61BF10E5700938354 /* Release */ = {
			isa = XCBuildConfiguration;
			buildSettings = {
				ASSETCATALOG_COMPILER_APPICON_NAME = AppIcon;
				CLANG_ENABLE_MODULES = YES;
				INFOPLIST_FILE = OverTheRock/Info.plist;
				LD_RUNPATH_SEARCH_PATHS = "$(inherited) @executable_path/Frameworks";
				PRODUCT_NAME = "$(TARGET_NAME)";
				SWIFT_OBJC_BRIDGING_HEADER = "OverTheRock/OverTheRock-Bridging-Header.h";
			};
			name = Release;
		};
		4C3C61B81BF10E5700938354 /* Debug */ = {
			isa = XCBuildConfiguration;
			buildSettings = {
				BUNDLE_LOADER = "$(TEST_HOST)";
				FRAMEWORK_SEARCH_PATHS = (
					"$(SDKROOT)/Developer/Library/Frameworks",
					"$(inherited)",
				);
				GCC_PREPROCESSOR_DEFINITIONS = (
					"DEBUG=1",
					"$(inherited)",
				);
				INFOPLIST_FILE = OverTheRockTests/Info.plist;
				LD_RUNPATH_SEARCH_PATHS = "$(inherited) @executable_path/Frameworks @loader_path/Frameworks";
				PRODUCT_NAME = "$(TARGET_NAME)";
				TEST_HOST = "$(BUILT_PRODUCTS_DIR)/OverTheRock.app/OverTheRock";
			};
			name = Debug;
		};
		4C3C61B91BF10E5700938354 /* Release */ = {
			isa = XCBuildConfiguration;
			buildSettings = {
				BUNDLE_LOADER = "$(TEST_HOST)";
				FRAMEWORK_SEARCH_PATHS = (
					"$(SDKROOT)/Developer/Library/Frameworks",
					"$(inherited)",
				);
				INFOPLIST_FILE = OverTheRockTests/Info.plist;
				LD_RUNPATH_SEARCH_PATHS = "$(inherited) @executable_path/Frameworks @loader_path/Frameworks";
				PRODUCT_NAME = "$(TARGET_NAME)";
				TEST_HOST = "$(BUILT_PRODUCTS_DIR)/OverTheRock.app/OverTheRock";
			};
			name = Release;
		};
/* End XCBuildConfiguration section */

/* Begin XCConfigurationList section */
		4C3C61901BF10E5700938354 /* Build configuration list for PBXProject "OverTheRock" */ = {
			isa = XCConfigurationList;
			buildConfigurations = (
				4C3C61B21BF10E5700938354 /* Debug */,
				4C3C61B31BF10E5700938354 /* Release */,
			);
			defaultConfigurationIsVisible = 0;
			defaultConfigurationName = Release;
		};
		4C3C61B41BF10E5700938354 /* Build configuration list for PBXNativeTarget "OverTheRock" */ = {
			isa = XCConfigurationList;
			buildConfigurations = (
				4C3C61B51BF10E5700938354 /* Debug */,
				4C3C61B61BF10E5700938354 /* Release */,
			);
			defaultConfigurationIsVisible = 0;
		};
		4C3C61B71BF10E5700938354 /* Build configuration list for PBXNativeTarget "OverTheRockTests" */ = {
			isa = XCConfigurationList;
			buildConfigurations = (
				4C3C61B81BF10E5700938354 /* Debug */,
				4C3C61B91BF10E5700938354 /* Release */,
			);
			defaultConfigurationIsVisible = 0;
		};
/* End XCConfigurationList section */
	};
	rootObject = 4C3C618D1BF10E5700938354 /* Project object */;
}
